// !$*UTF8*$!
{
	archiveVersion = 1;
	classes = {
	};
	objectVersion = 56;
	objects = {

/* Begin PBXBuildFile section */
		9C883E2B2AF16A4E0055A89F /* Apple_FramWorkApp.swift in Sources */ = {isa = PBXBuildFile; fileRef = 9C883E2A2AF16A4E0055A89F /* Apple_FramWorkApp.swift */; };
		9C883E2D2AF16A4E0055A89F /* ContentView.swift in Sources */ = {isa = PBXBuildFile; fileRef = 9C883E2C2AF16A4E0055A89F /* ContentView.swift */; };
		9C883E2F2AF16A500055A89F /* Assets.xcassets in Resources */ = {isa = PBXBuildFile; fileRef = 9C883E2E2AF16A500055A89F /* Assets.xcassets */; };
		9C883E322AF16A500055A89F /* Preview Assets.xcassets in Resources */ = {isa = PBXBuildFile; fileRef = 9C883E312AF16A500055A89F /* Preview Assets.xcassets */; };
		9C883E3C2AF16A500055A89F /* Apple_FramWorkTests.swift in Sources */ = {isa = PBXBuildFile; fileRef = 9C883E3B2AF16A500055A89F /* Apple_FramWorkTests.swift */; };
		9C883E462AF16A500055A89F /* Apple_FramWorkUITests.swift in Sources */ = {isa = PBXBuildFile; fileRef = 9C883E452AF16A500055A89F /* Apple_FramWorkUITests.swift */; };
		9C883E482AF16A500055A89F /* Apple_FramWorkUITestsLaunchTests.swift in Sources */ = {isa = PBXBuildFile; fileRef = 9C883E472AF16A500055A89F /* Apple_FramWorkUITestsLaunchTests.swift */; };
		9C883E552AF16AB80055A89F /* FrameWork.swift in Sources */ = {isa = PBXBuildFile; fileRef = 9C883E542AF16AB70055A89F /* FrameWork.swift */; };
/* End PBXBuildFile section */

/* Begin PBXContainerItemProxy section */
		9C883E382AF16A500055A89F /* PBXContainerItemProxy */ = {
			isa = PBXContainerItemProxy;
			containerPortal = 9C883E1F2AF16A4E0055A89F /* Project object */;
			proxyType = 1;
			remoteGlobalIDString = 9C883E262AF16A4E0055A89F;
			remoteInfo = "Apple-FramWork";
		};
		9C883E422AF16A500055A89F /* PBXContainerItemProxy */ = {
			isa = PBXContainerItemProxy;
			containerPortal = 9C883E1F2AF16A4E0055A89F /* Project object */;
			proxyType = 1;
			remoteGlobalIDString = 9C883E262AF16A4E0055A89F;
			remoteInfo = "Apple-FramWork";
		};
/* End PBXContainerItemProxy section */

/* Begin PBXFileReference section */
		9C883E272AF16A4E0055A89F /* Apple-FramWork.app */ = {isa = PBXFileReference; explicitFileType = wrapper.application; includeInIndex = 0; path = "Apple-FramWork.app"; sourceTree = BUILT_PRODUCTS_DIR; };
		9C883E2A2AF16A4E0055A89F /* Apple_FramWorkApp.swift */ = {isa = PBXFileReference; lastKnownFileType = sourcecode.swift; path = Apple_FramWorkApp.swift; sourceTree = "<group>"; };
		9C883E2C2AF16A4E0055A89F /* ContentView.swift */ = {isa = PBXFileReference; lastKnownFileType = sourcecode.swift; path = ContentView.swift; sourceTree = "<group>"; };
		9C883E2E2AF16A500055A89F /* Assets.xcassets */ = {isa = PBXFileReference; lastKnownFileType = folder.assetcatalog; path = Assets.xcassets; sourceTree = "<group>"; };
		9C883E312AF16A500055A89F /* Preview Assets.xcassets */ = {isa = PBXFileReference; lastKnownFileType = folder.assetcatalog; path = "Preview Assets.xcassets"; sourceTree = "<group>"; };
		9C883E372AF16A500055A89F /* Apple-FramWorkTests.xctest */ = {isa = PBXFileReference; explicitFileType = wrapper.cfbundle; includeInIndex = 0; path = "Apple-FramWorkTests.xctest"; sourceTree = BUILT_PRODUCTS_DIR; };
		9C883E3B2AF16A500055A89F /* Apple_FramWorkTests.swift */ = {isa = PBXFileReference; lastKnownFileType = sourcecode.swift; path = Apple_FramWorkTests.swift; sourceTree = "<group>"; };
		9C883E412AF16A500055A89F /* Apple-FramWorkUITests.xctest */ = {isa = PBXFileReference; explicitFileType = wrapper.cfbundle; includeInIndex = 0; path = "Apple-FramWorkUITests.xctest"; sourceTree = BUILT_PRODUCTS_DIR; };
		9C883E452AF16A500055A89F /* Apple_FramWorkUITests.swift */ = {isa = PBXFileReference; lastKnownFileType = sourcecode.swift; path = Apple_FramWorkUITests.swift; sourceTree = "<group>"; };
		9C883E472AF16A500055A89F /* Apple_FramWorkUITestsLaunchTests.swift */ = {isa = PBXFileReference; lastKnownFileType = sourcecode.swift; path = Apple_FramWorkUITestsLaunchTests.swift; sourceTree = "<group>"; };
		9C883E542AF16AB70055A89F /* FrameWork.swift */ = {isa = PBXFileReference; lastKnownFileType = sourcecode.swift; path = FrameWork.swift; sourceTree = "<group>"; };
/* End PBXFileReference section */

/* Begin PBXFrameworksBuildPhase section */
		9C883E242AF16A4E0055A89F /* Frameworks */ = {
			isa = PBXFrameworksBuildPhase;
			buildActionMask = 2147483647;
			files = (
			);
			runOnlyForDeploymentPostprocessing = 0;
		};
		9C883E342AF16A500055A89F /* Frameworks */ = {
			isa = PBXFrameworksBuildPhase;
			buildActionMask = 2147483647;
			files = (
			);
			runOnlyForDeploymentPostprocessing = 0;
		};
		9C883E3E2AF16A500055A89F /* Frameworks */ = {
			isa = PBXFrameworksBuildPhase;
			buildActionMask = 2147483647;
			files = (
			);
			runOnlyForDeploymentPostprocessing = 0;
		};
/* End PBXFrameworksBuildPhase section */

/* Begin PBXGroup section */
		9C883E1E2AF16A4E0055A89F = {
			isa = PBXGroup;
			children = (
				9C883E292AF16A4E0055A89F /* Apple-FramWork */,
				9C883E3A2AF16A500055A89F /* Apple-FramWorkTests */,
				9C883E442AF16A500055A89F /* Apple-FramWorkUITests */,
				9C883E282AF16A4E0055A89F /* Products */,
			);
			sourceTree = "<group>";
		};
		9C883E282AF16A4E0055A89F /* Products */ = {
			isa = PBXGroup;
			children = (
				9C883E272AF16A4E0055A89F /* Apple-FramWork.app */,
				9C883E372AF16A500055A89F /* Apple-FramWorkTests.xctest */,
				9C883E412AF16A500055A89F /* Apple-FramWorkUITests.xctest */,
			);
			name = Products;
			sourceTree = "<group>";
		};
		9C883E292AF16A4E0055A89F /* Apple-FramWork */ = {
			isa = PBXGroup;
			children = (
				9C883E2A2AF16A4E0055A89F /* Apple_FramWorkApp.swift */,
				9C883E2C2AF16A4E0055A89F /* ContentView.swift */,
				9C883E542AF16AB70055A89F /* FrameWork.swift */,
				9C883E2E2AF16A500055A89F /* Assets.xcassets */,
				9C883E302AF16A500055A89F /* Preview Content */,
			);
			path = "Apple-FramWork";
			sourceTree = "<group>";
		};
		9C883E302AF16A500055A89F /* Preview Content */ = {
			isa = PBXGroup;
			children = (
				9C883E312AF16A500055A89F /* Preview Assets.xcassets */,
			);
			path = "Preview Content";
			sourceTree = "<group>";
		};
		9C883E3A2AF16A500055A89F /* Apple-FramWorkTests */ = {
			isa = PBXGroup;
			children = (
				9C883E3B2AF16A500055A89F /* Apple_FramWorkTests.swift */,
			);
			path = "Apple-FramWorkTests";
			sourceTree = "<group>";
		};
		9C883E442AF16A500055A89F /* Apple-FramWorkUITests */ = {
			isa = PBXGroup;
			children = (
				9C883E452AF16A500055A89F /* Apple_FramWorkUITests.swift */,
				9C883E472AF16A500055A89F /* Apple_FramWorkUITestsLaunchTests.swift */,
			);
			path = "Apple-FramWorkUITests";
			sourceTree = "<group>";
		};
/* End PBXGroup section */

/* Begin PBXNativeTarget section */
		9C883E262AF16A4E0055A89F /* Apple-FramWork */ = {
			isa = PBXNativeTarget;
			buildConfigurationList = 9C883E4B2AF16A500055A89F /* Build configuration list for PBXNativeTarget "Apple-FramWork" */;
			buildPhases = (
				9C883E232AF16A4E0055A89F /* Sources */,
				9C883E242AF16A4E0055A89F /* Frameworks */,
				9C883E252AF16A4E0055A89F /* Resources */,
			);
			buildRules = (
			);
			dependencies = (
			);
			name = "Apple-FramWork";
			productName = "Apple-FramWork";
			productReference = 9C883E272AF16A4E0055A89F /* Apple-FramWork.app */;
			productType = "com.apple.product-type.application";
		};
		9C883E362AF16A500055A89F /* Apple-FramWorkTests */ = {
			isa = PBXNativeTarget;
			buildConfigurationList = 9C883E4E2AF16A500055A89F /* Build configuration list for PBXNativeTarget "Apple-FramWorkTests" */;
			buildPhases = (
				9C883E332AF16A500055A89F /* Sources */,
				9C883E342AF16A500055A89F /* Frameworks */,
				9C883E352AF16A500055A89F /* Resources */,
			);
			buildRules = (
			);
			dependencies = (
				9C883E392AF16A500055A89F /* PBXTargetDependency */,
			);
			name = "Apple-FramWorkTests";
			productName = "Apple-FramWorkTests";
			productReference = 9C883E372AF16A500055A89F /* Apple-FramWorkTests.xctest */;
			productType = "com.apple.product-type.bundle.unit-test";
		};
		9C883E402AF16A500055A89F /* Apple-FramWorkUITests */ = {
			isa = PBXNativeTarget;
			buildConfigurationList = 9C883E512AF16A500055A89F /* Build configuration list for PBXNativeTarget "Apple-FramWorkUITests" */;
			buildPhases = (
				9C883E3D2AF16A500055A89F /* Sources */,
				9C883E3E2AF16A500055A89F /* Frameworks */,
				9C883E3F2AF16A500055A89F /* Resources */,
			);
			buildRules = (
			);
			dependencies = (
				9C883E432AF16A500055A89F /* PBXTargetDependency */,
			);
			name = "Apple-FramWorkUITests";
			productName = "Apple-FramWorkUITests";
			productReference = 9C883E412AF16A500055A89F /* Apple-FramWorkUITests.xctest */;
			productType = "com.apple.product-type.bundle.ui-testing";
		};
/* End PBXNativeTarget section */

/* Begin PBXProject section */
		9C883E1F2AF16A4E0055A89F /* Project object */ = {
			isa = PBXProject;
			attributes = {
				BuildIndependentTargetsInParallel = 1;
				LastSwiftUpdateCheck = 1500;
				LastUpgradeCheck = 1500;
				TargetAttributes = {
					9C883E262AF16A4E0055A89F = {
						CreatedOnToolsVersion = 15.0.1;
					};
					9C883E362AF16A500055A89F = {
						CreatedOnToolsVersion = 15.0.1;
						TestTargetID = 9C883E262AF16A4E0055A89F;
					};
					9C883E402AF16A500055A89F = {
						CreatedOnToolsVersion = 15.0.1;
						TestTargetID = 9C883E262AF16A4E0055A89F;
					};
				};
			};
			buildConfigurationList = 9C883E222AF16A4E0055A89F /* Build configuration list for PBXProject "Apple-FramWork" */;
			compatibilityVersion = "Xcode 14.0";
			developmentRegion = en;
			hasScannedForEncodings = 0;
			knownRegions = (
				en,
				Base,
			);
			mainGroup = 9C883E1E2AF16A4E0055A89F;
			productRefGroup = 9C883E282AF16A4E0055A89F /* Products */;
			projectDirPath = "";
			projectRoot = "";
			targets = (
				9C883E262AF16A4E0055A89F /* Apple-FramWork */,
				9C883E362AF16A500055A89F /* Apple-FramWorkTests */,
				9C883E402AF16A500055A89F /* Apple-FramWorkUITests */,
			);
		};
/* End PBXProject section */

/* Begin PBXResourcesBuildPhase section */
		9C883E252AF16A4E0055A89F /* Resources */ = {
			isa = PBXResourcesBuildPhase;
			buildActionMask = 2147483647;
			files = (
				9C883E322AF16A500055A89F /* Preview Assets.xcassets in Resources */,
				9C883E2F2AF16A500055A89F /* Assets.xcassets in Resources */,
			);
			runOnlyForDeploymentPostprocessing = 0;
		};
		9C883E352AF16A500055A89F /* Resources */ = {
			isa = PBXResourcesBuildPhase;
			buildActionMask = 2147483647;
			files = (
			);
			runOnlyForDeploymentPostprocessing = 0;
		};
		9C883E3F2AF16A500055A89F /* Resources */ = {
			isa = PBXResourcesBuildPhase;
			buildActionMask = 2147483647;
			files = (
			);
			runOnlyForDeploymentPostprocessing = 0;
		};
/* End PBXResourcesBuildPhase section */

/* Begin PBXSourcesBuildPhase section */
		9C883E232AF16A4E0055A89F /* Sources */ = {
			isa = PBXSourcesBuildPhase;
			buildActionMask = 2147483647;
			files = (
				9C883E552AF16AB80055A89F /* FrameWork.swift in Sources */,
				9C883E2D2AF16A4E0055A89F /* ContentView.swift in Sources */,
				9C883E2B2AF16A4E0055A89F /* Apple_FramWorkApp.swift in Sources */,
			);
			runOnlyForDeploymentPostprocessing = 0;
		};
		9C883E332AF16A500055A89F /* Sources */ = {
			isa = PBXSourcesBuildPhase;
			buildActionMask = 2147483647;
			files = (
				9C883E3C2AF16A500055A89F /* Apple_FramWorkTests.swift in Sources */,
			);
			runOnlyForDeploymentPostprocessing = 0;
		};
		9C883E3D2AF16A500055A89F /* Sources */ = {
			isa = PBXSourcesBuildPhase;
			buildActionMask = 2147483647;
			files = (
				9C883E482AF16A500055A89F /* Apple_FramWorkUITestsLaunchTests.swift in Sources */,
				9C883E462AF16A500055A89F /* Apple_FramWorkUITests.swift in Sources */,
			);
			runOnlyForDeploymentPostprocessing = 0;
		};
/* End PBXSourcesBuildPhase section */

/* Begin PBXTargetDependency section */
		9C883E392AF16A500055A89F /* PBXTargetDependency */ = {
			isa = PBXTargetDependency;
			target = 9C883E262AF16A4E0055A89F /* Apple-FramWork */;
			targetProxy = 9C883E382AF16A500055A89F /* PBXContainerItemProxy */;
		};
		9C883E432AF16A500055A89F /* PBXTargetDependency */ = {
			isa = PBXTargetDependency;
			target = 9C883E262AF16A4E0055A89F /* Apple-FramWork */;
			targetProxy = 9C883E422AF16A500055A89F /* PBXContainerItemProxy */;
		};
/* End PBXTargetDependency section */

/* Begin XCBuildConfiguration section */
		9C883E492AF16A500055A89F /* Debug */ = {
			isa = XCBuildConfiguration;
			buildSettings = {
				ALWAYS_SEARCH_USER_PATHS = NO;
				ASSETCATALOG_COMPILER_GENERATE_SWIFT_ASSET_SYMBOL_EXTENSIONS = YES;
				CLANG_ANALYZER_NONNULL = YES;
				CLANG_ANALYZER_NUMBER_OBJECT_CONVERSION = YES_AGGRESSIVE;
				CLANG_CXX_LANGUAGE_STANDARD = "gnu++20";
				CLANG_ENABLE_MODULES = YES;
				CLANG_ENABLE_OBJC_ARC = YES;
				CLANG_ENABLE_OBJC_WEAK = YES;
				CLANG_WARN_BLOCK_CAPTURE_AUTORELEASING = YES;
				CLANG_WARN_BOOL_CONVERSION = YES;
				CLANG_WARN_COMMA = YES;
				CLANG_WARN_CONSTANT_CONVERSION = YES;
				CLANG_WARN_DEPRECATED_OBJC_IMPLEMENTATIONS = YES;
				CLANG_WARN_DIRECT_OBJC_ISA_USAGE = YES_ERROR;
				CLANG_WARN_DOCUMENTATION_COMMENTS = YES;
				CLANG_WARN_EMPTY_BODY = YES;
				CLANG_WARN_ENUM_CONVERSION = YES;
				CLANG_WARN_INFINITE_RECURSION = YES;
				CLANG_WARN_INT_CONVERSION = YES;
				CLANG_WARN_NON_LITERAL_NULL_CONVERSION = YES;
				CLANG_WARN_OBJC_IMPLICIT_RETAIN_SELF = YES;
				CLANG_WARN_OBJC_LITERAL_CONVERSION = YES;
				CLANG_WARN_OBJC_ROOT_CLASS = YES_ERROR;
				CLANG_WARN_QUOTED_INCLUDE_IN_FRAMEWORK_HEADER = YES;
				CLANG_WARN_RANGE_LOOP_ANALYSIS = YES;
				CLANG_WARN_STRICT_PROTOTYPES = YES;
				CLANG_WARN_SUSPICIOUS_MOVE = YES;
				CLANG_WARN_UNGUARDED_AVAILABILITY = YES_AGGRESSIVE;
				CLANG_WARN_UNREACHABLE_CODE = YES;
				CLANG_WARN__DUPLICATE_METHOD_MATCH = YES;
				COPY_PHASE_STRIP = NO;
				DEBUG_INFORMATION_FORMAT = dwarf;
				ENABLE_STRICT_OBJC_MSGSEND = YES;
				ENABLE_TESTABILITY = YES;
				ENABLE_USER_SCRIPT_SANDBOXING = YES;
				GCC_C_LANGUAGE_STANDARD = gnu17;
				GCC_DYNAMIC_NO_PIC = NO;
				GCC_NO_COMMON_BLOCKS = YES;
				GCC_OPTIMIZATION_LEVEL = 0;
				GCC_PREPROCESSOR_DEFINITIONS = (
					"DEBUG=1",
					"$(inherited)",
				);
				GCC_WARN_64_TO_32_BIT_CONVERSION = YES;
				GCC_WARN_ABOUT_RETURN_TYPE = YES_ERROR;
				GCC_WARN_UNDECLARED_SELECTOR = YES;
				GCC_WARN_UNINITIALIZED_AUTOS = YES_AGGRESSIVE;
				GCC_WARN_UNUSED_FUNCTION = YES;
				GCC_WARN_UNUSED_VARIABLE = YES;
				IPHONEOS_DEPLOYMENT_TARGET = 17.0;
				LOCALIZATION_PREFERS_STRING_CATALOGS = YES;
				MTL_ENABLE_DEBUG_INFO = INCLUDE_SOURCE;
				MTL_FAST_MATH = YES;
				ONLY_ACTIVE_ARCH = YES;
				SDKROOT = iphoneos;
				SWIFT_ACTIVE_COMPILATION_CONDITIONS = "DEBUG $(inherited)";
				SWIFT_OPTIMIZATION_LEVEL = "-Onone";
			};
			name = Debug;
		};
		9C883E4A2AF16A500055A89F /* Release */ = {
			isa = XCBuildConfiguration;
			buildSettings = {
				ALWAYS_SEARCH_USER_PATHS = NO;
				ASSETCATALOG_COMPILER_GENERATE_SWIFT_ASSET_SYMBOL_EXTENSIONS = YES;
				CLANG_ANALYZER_NONNULL = YES;
				CLANG_ANALYZER_NUMBER_OBJECT_CONVERSION = YES_AGGRESSIVE;
				CLANG_CXX_LANGUAGE_STANDARD = "gnu++20";
				CLANG_ENABLE_MODULES = YES;
				CLANG_ENABLE_OBJC_ARC = YES;
				CLANG_ENABLE_OBJC_WEAK = YES;
				CLANG_WARN_BLOCK_CAPTURE_AUTORELEASING = YES;
				CLANG_WARN_BOOL_CONVERSION = YES;
				CLANG_WARN_COMMA = YES;
				CLANG_WARN_CONSTANT_CONVERSION = YES;
				CLANG_WARN_DEPRECATED_OBJC_IMPLEMENTATIONS = YES;
				CLANG_WARN_DIRECT_OBJC_ISA_USAGE = YES_ERROR;
				CLANG_WARN_DOCUMENTATION_COMMENTS = YES;
				CLANG_WARN_EMPTY_BODY = YES;
				CLANG_WARN_ENUM_CONVERSION = YES;
				CLANG_WARN_INFINITE_RECURSION = YES;
				CLANG_WARN_INT_CONVERSION = YES;
				CLANG_WARN_NON_LITERAL_NULL_CONVERSION = YES;
				CLANG_WARN_OBJC_IMPLICIT_RETAIN_SELF = YES;
				CLANG_WARN_OBJC_LITERAL_CONVERSION = YES;
				CLANG_WARN_OBJC_ROOT_CLASS = YES_ERROR;
				CLANG_WARN_QUOTED_INCLUDE_IN_FRAMEWORK_HEADER = YES;
				CLANG_WARN_RANGE_LOOP_ANALYSIS = YES;
				CLANG_WARN_STRICT_PROTOTYPES = YES;
				CLANG_WARN_SUSPICIOUS_MOVE = YES;
				CLANG_WARN_UNGUARDED_AVAILABILITY = YES_AGGRESSIVE;
				CLANG_WARN_UNREACHABLE_CODE = YES;
				CLANG_WARN__DUPLICATE_METHOD_MATCH = YES;
				COPY_PHASE_STRIP = NO;
				DEBUG_INFORMATION_FORMAT = "dwarf-with-dsym";
				ENABLE_NS_ASSERTIONS = NO;
				ENABLE_STRICT_OBJC_MSGSEND = YES;
				ENABLE_USER_SCRIPT_SANDBOXING = YES;
				GCC_C_LANGUAGE_STANDARD = gnu17;
				GCC_NO_COMMON_BLOCKS = YES;
				GCC_WARN_64_TO_32_BIT_CONVERSION = YES;
				GCC_WARN_ABOUT_RETURN_TYPE = YES_ERROR;
				GCC_WARN_UNDECLARED_SELECTOR = YES;
				GCC_WARN_UNINITIALIZED_AUTOS = YES_AGGRESSIVE;
				GCC_WARN_UNUSED_FUNCTION = YES;
				GCC_WARN_UNUSED_VARIABLE = YES;
				IPHONEOS_DEPLOYMENT_TARGET = 17.0;
				LOCALIZATION_PREFERS_STRING_CATALOGS = YES;
				MTL_ENABLE_DEBUG_INFO = NO;
				MTL_FAST_MATH = YES;
				SDKROOT = iphoneos;
				SWIFT_COMPILATION_MODE = wholemodule;
				VALIDATE_PRODUCT = YES;
			};
			name = Release;
		};
		9C883E4C2AF16A500055A89F /* Debug */ = {
			isa = XCBuildConfiguration;
			buildSettings = {
				ASSETCATALOG_COMPILER_APPICON_NAME = AppIcon;
				ASSETCATALOG_COMPILER_GLOBAL_ACCENT_COLOR_NAME = AccentColor;
				CODE_SIGN_STYLE = Automatic;
				CURRENT_PROJECT_VERSION = 1;
				DEVELOPMENT_ASSET_PATHS = "\"Apple-FramWork/Preview Content\"";
				DEVELOPMENT_TEAM = P4C96D92PU;
				ENABLE_PREVIEWS = YES;
				GENERATE_INFOPLIST_FILE = YES;
				INFOPLIST_KEY_UIApplicationSceneManifest_Generation = YES;
				INFOPLIST_KEY_UIApplicationSupportsIndirectInputEvents = YES;
				INFOPLIST_KEY_UILaunchScreen_Generation = YES;
				INFOPLIST_KEY_UISupportedInterfaceOrientations_iPad = "UIInterfaceOrientationPortrait UIInterfaceOrientationPortraitUpsideDown UIInterfaceOrientationLandscapeLeft UIInterfaceOrientationLandscapeRight";
				INFOPLIST_KEY_UISupportedInterfaceOrientations_iPhone = "UIInterfaceOrientationPortrait UIInterfaceOrientationLandscapeLeft UIInterfaceOrientationLandscapeRight";
				LD_RUNPATH_SEARCH_PATHS = (
					"$(inherited)",
					"@executable_path/Frameworks",
				);
				MARKETING_VERSION = 1.0;
				PRODUCT_BUNDLE_IDENTIFIER = "niveriya.lov.Apple-FramWork";
				PRODUCT_NAME = "$(TARGET_NAME)";
				SWIFT_EMIT_LOC_STRINGS = YES;
				SWIFT_VERSION = 5.0;
				TARGETED_DEVICE_FAMILY = "1,2";
			};
			name = Debug;
		};
		9C883E4D2AF16A500055A89F /* Release */ = {
			isa = XCBuildConfiguration;
			buildSettings = {
				ASSETCATALOG_COMPILER_APPICON_NAME = AppIcon;
				ASSETCATALOG_COMPILER_GLOBAL_ACCENT_COLOR_NAME = AccentColor;
				CODE_SIGN_STYLE = Automatic;
				CURRENT_PROJECT_VERSION = 1;
				DEVELOPMENT_ASSET_PATHS = "\"Apple-FramWork/Preview Content\"";
				DEVELOPMENT_TEAM = P4C96D92PU;
				ENABLE_PREVIEWS = YES;
				GENERATE_INFOPLIST_FILE = YES;
				INFOPLIST_KEY_UIApplicationSceneManifest_Generation = YES;
				INFOPLIST_KEY_UIApplicationSupportsIndirectInputEvents = YES;
				INFOPLIST_KEY_UILaunchScreen_Generation = YES;
				INFOPLIST_KEY_UISupportedInterfaceOrientations_iPad = "UIInterfaceOrientationPortrait UIInterfaceOrientationPortraitUpsideDown UIInterfaceOrientationLandscapeLeft UIInterfaceOrientationLandscapeRight";
				INFOPLIST_KEY_UISupportedInterfaceOrientations_iPhone = "UIInterfaceOrientationPortrait UIInterfaceOrientationLandscapeLeft UIInterfaceOrientationLandscapeRight";
				LD_RUNPATH_SEARCH_PATHS = (
					"$(inherited)",
					"@executable_path/Frameworks",
				);
				MARKETING_VERSION = 1.0;
				PRODUCT_BUNDLE_IDENTIFIER = "niveriya.lov.Apple-FramWork";
				PRODUCT_NAME = "$(TARGET_NAME)";
				SWIFT_EMIT_LOC_STRINGS = YES;
				SWIFT_VERSION = 5.0;
				TARGETED_DEVICE_FAMILY = "1,2";
			};
			name = Release;
		};
		9C883E4F2AF16A500055A89F /* Debug */ = {
			isa = XCBuildConfiguration;
			buildSettings = {
				ALWAYS_EMBED_SWIFT_STANDARD_LIBRARIES = YES;
				BUNDLE_LOADER = "$(TEST_HOST)";
				CODE_SIGN_STYLE = Automatic;
				CURRENT_PROJECT_VERSION = 1;
				DEVELOPMENT_TEAM = P4C96D92PU;
				GENERATE_INFOPLIST_FILE = YES;
				IPHONEOS_DEPLOYMENT_TARGET = 17.0;
				MARKETING_VERSION = 1.0;
				PRODUCT_BUNDLE_IDENTIFIER = "niveriya.lov.Apple-FramWorkTests";
				PRODUCT_NAME = "$(TARGET_NAME)";
				SWIFT_EMIT_LOC_STRINGS = NO;
				SWIFT_VERSION = 5.0;
				TARGETED_DEVICE_FAMILY = "1,2";
				TEST_HOST = "$(BUILT_PRODUCTS_DIR)/Apple-FramWork.app/$(BUNDLE_EXECUTABLE_FOLDER_PATH)/Apple-FramWork";
			};
			name = Debug;
		};
		9C883E502AF16A500055A89F /* Release */ = {
			isa = XCBuildConfiguration;
			buildSettings = {
				ALWAYS_EMBED_SWIFT_STANDARD_LIBRARIES = YES;
				BUNDLE_LOADER = "$(TEST_HOST)";
				CODE_SIGN_STYLE = Automatic;
				CURRENT_PROJECT_VERSION = 1;
				DEVELOPMENT_TEAM = P4C96D92PU;
				GENERATE_INFOPLIST_FILE = YES;
				IPHONEOS_DEPLOYMENT_TARGET = 17.0;
				MARKETING_VERSION = 1.0;
				PRODUCT_BUNDLE_IDENTIFIER = "niveriya.lov.Apple-FramWorkTests";
				PRODUCT_NAME = "$(TARGET_NAME)";
				SWIFT_EMIT_LOC_STRINGS = NO;
				SWIFT_VERSION = 5.0;
				TARGETED_DEVICE_FAMILY = "1,2";
				TEST_HOST = "$(BUILT_PRODUCTS_DIR)/Apple-FramWork.app/$(BUNDLE_EXECUTABLE_FOLDER_PATH)/Apple-FramWork";
			};
			name = Release;
		};
		9C883E522AF16A500055A89F /* Debug */ = {
			isa = XCBuildConfiguration;
			buildSettings = {
				ALWAYS_EMBED_SWIFT_STANDARD_LIBRARIES = YES;
				CODE_SIGN_STYLE = Automatic;
				CURRENT_PROJECT_VERSION = 1;
				DEVELOPMENT_TEAM = P4C96D92PU;
				GENERATE_INFOPLIST_FILE = YES;
				MARKETING_VERSION = 1.0;
				PRODUCT_BUNDLE_IDENTIFIER = "niveriya.lov.Apple-FramWorkUITests";
				PRODUCT_NAME = "$(TARGET_NAME)";
				SWIFT_EMIT_LOC_STRINGS = NO;
				SWIFT_VERSION = 5.0;
				TARGETED_DEVICE_FAMILY = "1,2";
				TEST_TARGET_NAME = "Apple-FramWork";
			};
			name = Debug;
		};
		9C883E532AF16A500055A89F /* Release */ = {
			isa = XCBuildConfiguration;
			buildSettings = {
				ALWAYS_EMBED_SWIFT_STANDARD_LIBRARIES = YES;
				CODE_SIGN_STYLE = Automatic;
				CURRENT_PROJECT_VERSION = 1;
				DEVELOPMENT_TEAM = P4C96D92PU;
				GENERATE_INFOPLIST_FILE = YES;
				MARKETING_VERSION = 1.0;
				PRODUCT_BUNDLE_IDENTIFIER = "niveriya.lov.Apple-FramWorkUITests";
				PRODUCT_NAME = "$(TARGET_NAME)";
				SWIFT_EMIT_LOC_STRINGS = NO;
				SWIFT_VERSION = 5.0;
				TARGETED_DEVICE_FAMILY = "1,2";
				TEST_TARGET_NAME = "Apple-FramWork";
			};
			name = Release;
		};
/* End XCBuildConfiguration section */

/* Begin XCConfigurationList section */
		9C883E222AF16A4E0055A89F /* Build configuration list for PBXProject "Apple-FramWork" */ = {
			isa = XCConfigurationList;
			buildConfigurations = (
				9C883E492AF16A500055A89F /* Debug */,
				9C883E4A2AF16A500055A89F /* Release */,
			);
			defaultConfigurationIsVisible = 0;
			defaultConfigurationName = Release;
		};
		9C883E4B2AF16A500055A89F /* Build configuration list for PBXNativeTarget "Apple-FramWork" */ = {
			isa = XCConfigurationList;
			buildConfigurations = (
				9C883E4C2AF16A500055A89F /* Debug */,
				9C883E4D2AF16A500055A89F /* Release */,
			);
			defaultConfigurationIsVisible = 0;
			defaultConfigurationName = Release;
		};
		9C883E4E2AF16A500055A89F /* Build configuration list for PBXNativeTarget "Apple-FramWorkTests" */ = {
			isa = XCConfigurationList;
			buildConfigurations = (
				9C883E4F2AF16A500055A89F /* Debug */,
				9C883E502AF16A500055A89F /* Release */,
			);
			defaultConfigurationIsVisible = 0;
			defaultConfigurationName = Release;
		};
		9C883E512AF16A500055A89F /* Build configuration list for PBXNativeTarget "Apple-FramWorkUITests" */ = {
			isa = XCConfigurationList;
			buildConfigurations = (
				9C883E522AF16A500055A89F /* Debug */,
				9C883E532AF16A500055A89F /* Release */,
			);
			defaultConfigurationIsVisible = 0;
			defaultConfigurationName = Release;
		};
/* End XCConfigurationList section */
	};
	rootObject = 9C883E1F2AF16A4E0055A89F /* Project object */;
}
